{
  "name": "rabdo",
  "version": "0.1.0",
  "lockfileVersion": 1,
  "requires": true,
  "dependencies": {
    "@types/react": {
      "version": "16.0.40",
      "resolved": "https://registry.npmjs.org/@types/react/-/react-16.0.40.tgz",
      "integrity": "sha512-OZi2OPNI1DGwnC3Fgbr1CcYfOD6V0pbv+aehXdvuFE+L+sipWjividsasuqFW/G0CZrZ81Ao+9IzjvkRDWCE9Q==",
      "dev": true
    },
    "@types/react-select": {
      "version": "1.2.5",
      "resolved": "https://registry.npmjs.org/@types/react-select/-/react-select-1.2.5.tgz",
      "integrity": "sha512-88UBrgG9rYlTYMP71klmEHqzXfg40AuSQ0/X/BjDz1Pmgqj8X4tlFK04ULb8Glw4IghRSEqSh8WyADYSFal2EQ==",
      "dev": true,
      "requires": {
        "@types/react": "16.0.40"
      }
    }
  }
}
